// !$*UTF8*$!
{
	archiveVersion = 1;
	classes = {
	};
	objectVersion = 48;
	objects = {

/* Begin PBXBuildFile section */
		5F1A84581FE0B3B3007A8482 /* main.cpp in Sources */ = {isa = PBXBuildFile; fileRef = 5F1A84571FE0B3B3007A8482 /* main.cpp */; };
		5F1A846D1FE0B87E007A8482 /* test.cpp in Sources */ = {isa = PBXBuildFile; fileRef = 5F1A845E1FE0B52F007A8482 /* test.cpp */; };
/* End PBXBuildFile section */

/* Begin PBXCopyFilesBuildPhase section */
		5F1A84521FE0B3B3007A8482 /* CopyFiles */ = {
			isa = PBXCopyFilesBuildPhase;
			buildActionMask = 2147483647;
			dstPath = /usr/share/man/man1/;
			dstSubfolderSpec = 0;
			files = (
			);
			runOnlyForDeploymentPostprocessing = 1;
		};
		5F1A84681FE0B7E2007A8482 /* CopyFiles */ = {
			isa = PBXCopyFilesBuildPhase;
			buildActionMask = 2147483647;
			dstPath = /usr/share/man/man1/;
			dstSubfolderSpec = 0;
			files = (
			);
			runOnlyForDeploymentPostprocessing = 1;
		};
/* End PBXCopyFilesBuildPhase section */

/* Begin PBXFileReference section */
		5F1A84541FE0B3B3007A8482 /* sha512-256-impl */ = {isa = PBXFileReference; explicitFileType = "compiled.mach-o.executable"; includeInIndex = 0; path = "sha512-256-impl"; sourceTree = BUILT_PRODUCTS_DIR; };
		5F1A84571FE0B3B3007A8482 /* main.cpp */ = {isa = PBXFileReference; lastKnownFileType = sourcecode.cpp.cpp; path = main.cpp; sourceTree = "<group>"; };
		5F1A845E1FE0B52F007A8482 /* test.cpp */ = {isa = PBXFileReference; lastKnownFileType = sourcecode.cpp.cpp; path = test.cpp; sourceTree = "<group>"; };
		5F1A84601FE0B562007A8482 /* sha1.h */ = {isa = PBXFileReference; lastKnownFileType = sourcecode.c.h; path = sha1.h; sourceTree = "<group>"; };
		5F1A84611FE0B562007A8482 /* crc.h */ = {isa = PBXFileReference; lastKnownFileType = sourcecode.c.h; path = crc.h; sourceTree = "<group>"; };
		5F1A84621FE0B562007A8482 /* md5.h */ = {isa = PBXFileReference; lastKnownFileType = sourcecode.c.h; path = md5.h; sourceTree = "<group>"; };
		5F1A84631FE0B562007A8482 /* sha512.h */ = {isa = PBXFileReference; lastKnownFileType = sourcecode.c.h; path = sha512.h; sourceTree = "<group>"; };
		5F1A846C1FE0B7E2007A8482 /* sha512-256-impl test */ = {isa = PBXFileReference; explicitFileType = "compiled.mach-o.executable"; includeInIndex = 0; path = "sha512-256-impl test"; sourceTree = BUILT_PRODUCTS_DIR; };
		5F1A846E1FE0B8AB007A8482 /* sha512-256.h */ = {isa = PBXFileReference; lastKnownFileType = sourcecode.c.h; path = "sha512-256.h"; sourceTree = "<group>"; };
/* End PBXFileReference section */

/* Begin PBXFrameworksBuildPhase section */
		5F1A84511FE0B3B3007A8482 /* Frameworks */ = {
			isa = PBXFrameworksBuildPhase;
			buildActionMask = 2147483647;
			files = (
			);
			runOnlyForDeploymentPostprocessing = 0;
		};
		5F1A84671FE0B7E2007A8482 /* Frameworks */ = {
			isa = PBXFrameworksBuildPhase;
			buildActionMask = 2147483647;
			files = (
			);
			runOnlyForDeploymentPostprocessing = 0;
		};
/* End PBXFrameworksBuildPhase section */

/* Begin PBXGroup section */
		5F1A844B1FE0B3B3007A8482 = {
			isa = PBXGroup;
			children = (
				5F1A84561FE0B3B3007A8482 /* sha512-256-impl */,
				5F1A84551FE0B3B3007A8482 /* Products */,
			);
			sourceTree = "<group>";
		};
		5F1A84551FE0B3B3007A8482 /* Products */ = {
			isa = PBXGroup;
			children = (
				5F1A84541FE0B3B3007A8482 /* sha512-256-impl */,
				5F1A846C1FE0B7E2007A8482 /* sha512-256-impl test */,
			);
			name = Products;
			sourceTree = "<group>";
		};
		5F1A84561FE0B3B3007A8482 /* sha512-256-impl */ = {
			isa = PBXGroup;
			children = (
				5F1A84571FE0B3B3007A8482 /* main.cpp */,
				5F1A845E1FE0B52F007A8482 /* test.cpp */,
				5F1A84611FE0B562007A8482 /* crc.h */,
				5F1A84621FE0B562007A8482 /* md5.h */,
				5F1A84601FE0B562007A8482 /* sha1.h */,
				5F1A84631FE0B562007A8482 /* sha512.h */,
				5F1A846E1FE0B8AB007A8482 /* sha512-256.h */,
			);
			path = "sha512-256-impl";
			sourceTree = "<group>";
		};
/* End PBXGroup section */

/* Begin PBXNativeTarget section */
		5F1A84531FE0B3B3007A8482 /* sha512-256-impl */ = {
			isa = PBXNativeTarget;
			buildConfigurationList = 5F1A845B1FE0B3B3007A8482 /* Build configuration list for PBXNativeTarget "sha512-256-impl" */;
			buildPhases = (
				5F1A84501FE0B3B3007A8482 /* Sources */,
				5F1A84511FE0B3B3007A8482 /* Frameworks */,
				5F1A84521FE0B3B3007A8482 /* CopyFiles */,
			);
			buildRules = (
			);
			dependencies = (
			);
			name = "sha512-256-impl";
			productName = "sha512-256-impl";
			productReference = 5F1A84541FE0B3B3007A8482 /* sha512-256-impl */;
			productType = "com.apple.product-type.tool";
		};
		5F1A84641FE0B7E2007A8482 /* sha512-256-impl test */ = {
			isa = PBXNativeTarget;
			buildConfigurationList = 5F1A84691FE0B7E2007A8482 /* Build configuration list for PBXNativeTarget "sha512-256-impl test" */;
			buildPhases = (
				5F1A84651FE0B7E2007A8482 /* Sources */,
				5F1A84671FE0B7E2007A8482 /* Frameworks */,
				5F1A84681FE0B7E2007A8482 /* CopyFiles */,
			);
			buildRules = (
			);
			dependencies = (
			);
			name = "sha512-256-impl test";
			productName = "sha512-256-impl";
			productReference = 5F1A846C1FE0B7E2007A8482 /* sha512-256-impl test */;
			productType = "com.apple.product-type.tool";
		};
/* End PBXNativeTarget section */

/* Begin PBXProject section */
		5F1A844C1FE0B3B3007A8482 /* Project object */ = {
			isa = PBXProject;
			attributes = {
				LastUpgradeCheck = 0920;
				ORGANIZATIONNAME = "Paul Ciarlo";
				TargetAttributes = {
					5F1A84531FE0B3B3007A8482 = {
						CreatedOnToolsVersion = 9.2;
						ProvisioningStyle = Automatic;
					};
					5F1A84641FE0B7E2007A8482 = {
						ProvisioningStyle = Automatic;
					};
				};
			};
			buildConfigurationList = 5F1A844F1FE0B3B3007A8482 /* Build configuration list for PBXProject "sha512-256-impl" */;
			compatibilityVersion = "Xcode 8.0";
			developmentRegion = en;
			hasScannedForEncodings = 0;
			knownRegions = (
				en,
			);
			mainGroup = 5F1A844B1FE0B3B3007A8482;
			productRefGroup = 5F1A84551FE0B3B3007A8482 /* Products */;
			projectDirPath = "";
			projectRoot = "";
			targets = (
				5F1A84531FE0B3B3007A8482 /* sha512-256-impl */,
				5F1A84641FE0B7E2007A8482 /* sha512-256-impl test */,
			);
		};
/* End PBXProject section */

/* Begin PBXSourcesBuildPhase section */
		5F1A84501FE0B3B3007A8482 /* Sources */ = {
			isa = PBXSourcesBuildPhase;
			buildActionMask = 2147483647;
			files = (
				5F1A84581FE0B3B3007A8482 /* main.cpp in Sources */,
			);
			runOnlyForDeploymentPostprocessing = 0;
		};
		5F1A84651FE0B7E2007A8482 /* Sources */ = {
			isa = PBXSourcesBuildPhase;
			buildActionMask = 2147483647;
			files = (
				5F1A846D1FE0B87E007A8482 /* test.cpp in Sources */,
			);
			runOnlyForDeploymentPostprocessing = 0;
		};
/* End PBXSourcesBuildPhase section */

/* Begin XCBuildConfiguration section */
		5F1A84591FE0B3B3007A8482 /* Debug */ = {
			isa = XCBuildConfiguration;
			buildSettings = {
				ALWAYS_SEARCH_USER_PATHS = NO;
				CLANG_ANALYZER_NONNULL = YES;
				CLANG_ANALYZER_NUMBER_OBJECT_CONVERSION = YES_AGGRESSIVE;
				CLANG_CXX_LANGUAGE_STANDARD = "gnu++14";
				CLANG_CXX_LIBRARY = "libc++";
				CLANG_ENABLE_MODULES = YES;
				CLANG_ENABLE_OBJC_ARC = YES;
				CLANG_WARN_BLOCK_CAPTURE_AUTORELEASING = YES;
				CLANG_WARN_BOOL_CONVERSION = YES;
				CLANG_WARN_COMMA = YES;
				CLANG_WARN_CONSTANT_CONVERSION = YES;
				CLANG_WARN_DIRECT_OBJC_ISA_USAGE = YES_ERROR;
				CLANG_WARN_DOCUMENTATION_COMMENTS = YES;
				CLANG_WARN_EMPTY_BODY = YES;
				CLANG_WARN_ENUM_CONVERSION = YES;
				CLANG_WARN_INFINITE_RECURSION = YES;
				CLANG_WARN_INT_CONVERSION = YES;
				CLANG_WARN_NON_LITERAL_NULL_CONVERSION = YES;
				CLANG_WARN_OBJC_LITERAL_CONVERSION = YES;
				CLANG_WARN_OBJC_ROOT_CLASS = YES_ERROR;
				CLANG_WARN_RANGE_LOOP_ANALYSIS = YES;
				CLANG_WARN_STRICT_PROTOTYPES = YES;
				CLANG_WARN_SUSPICIOUS_MOVE = YES;
				CLANG_WARN_UNGUARDED_AVAILABILITY = YES_AGGRESSIVE;
				CLANG_WARN_UNREACHABLE_CODE = YES;
				CLANG_WARN__DUPLICATE_METHOD_MATCH = YES;
				CODE_SIGN_IDENTITY = "-";
				COPY_PHASE_STRIP = NO;
				DEBUG_INFORMATION_FORMAT = dwarf;
				ENABLE_STRICT_OBJC_MSGSEND = YES;
				ENABLE_TESTABILITY = YES;
				GCC_C_LANGUAGE_STANDARD = gnu11;
				GCC_DYNAMIC_NO_PIC = NO;
				GCC_NO_COMMON_BLOCKS = YES;
				GCC_OPTIMIZATION_LEVEL = 0;
				GCC_PREPROCESSOR_DEFINITIONS = (
					"DEBUG=1",
					"$(inherited)",
				);
				GCC_WARN_64_TO_32_BIT_CONVERSION = YES;
				GCC_WARN_ABOUT_RETURN_TYPE = YES_ERROR;
				GCC_WARN_UNDECLARED_SELECTOR = YES;
				GCC_WARN_UNINITIALIZED_AUTOS = YES_AGGRESSIVE;
				GCC_WARN_UNUSED_FUNCTION = YES;
				GCC_WARN_UNUSED_VARIABLE = YES;
				MACOSX_DEPLOYMENT_TARGET = 10.13;
				MTL_ENABLE_DEBUG_INFO = YES;
				ONLY_ACTIVE_ARCH = YES;
				SDKROOT = macosx;
			};
			name = Debug;
		};
		5F1A845A1FE0B3B3007A8482 /* Release */ = {
			isa = XCBuildConfiguration;
			buildSettings = {
				ALWAYS_SEARCH_USER_PATHS = NO;
				CLANG_ANALYZER_NONNULL = YES;
				CLANG_ANALYZER_NUMBER_OBJECT_CONVERSION = YES_AGGRESSIVE;
				CLANG_CXX_LANGUAGE_STANDARD = "gnu++14";
				CLANG_CXX_LIBRARY = "libc++";
				CLANG_ENABLE_MODULES = YES;
				CLANG_ENABLE_OBJC_ARC = YES;
				CLANG_WARN_BLOCK_CAPTURE_AUTORELEASING = YES;
				CLANG_WARN_BOOL_CONVERSION = YES;
				CLANG_WARN_COMMA = YES;
				CLANG_WARN_CONSTANT_CONVERSION = YES;
				CLANG_WARN_DIRECT_OBJC_ISA_USAGE = YES_ERROR;
				CLANG_WARN_DOCUMENTATION_COMMENTS = YES;
				CLANG_WARN_EMPTY_BODY = YES;
				CLANG_WARN_ENUM_CONVERSION = YES;
				CLANG_WARN_INFINITE_RECURSION = YES;
				CLANG_WARN_INT_CONVERSION = YES;
				CLANG_WARN_NON_LITERAL_NULL_CONVERSION = YES;
				CLANG_WARN_OBJC_LITERAL_CONVERSION = YES;
				CLANG_WARN_OBJC_ROOT_CLASS = YES_ERROR;
				CLANG_WARN_RANGE_LOOP_ANALYSIS = YES;
				CLANG_WARN_STRICT_PROTOTYPES = YES;
				CLANG_WARN_SUSPICIOUS_MOVE = YES;
				CLANG_WARN_UNGUARDED_AVAILABILITY = YES_AGGRESSIVE;
				CLANG_WARN_UNREACHABLE_CODE = YES;
				CLANG_WARN__DUPLICATE_METHOD_MATCH = YES;
				CODE_SIGN_IDENTITY = "-";
				COPY_PHASE_STRIP = NO;
				DEBUG_INFORMATION_FORMAT = "dwarf-with-dsym";
				ENABLE_NS_ASSERTIONS = NO;
				ENABLE_STRICT_OBJC_MSGSEND = YES;
				GCC_C_LANGUAGE_STANDARD = gnu11;
				GCC_NO_COMMON_BLOCKS = YES;
				GCC_WARN_64_TO_32_BIT_CONVERSION = YES;
				GCC_WARN_ABOUT_RETURN_TYPE = YES_ERROR;
				GCC_WARN_UNDECLARED_SELECTOR = YES;
				GCC_WARN_UNINITIALIZED_AUTOS = YES_AGGRESSIVE;
				GCC_WARN_UNUSED_FUNCTION = YES;
				GCC_WARN_UNUSED_VARIABLE = YES;
				MACOSX_DEPLOYMENT_TARGET = 10.13;
				MTL_ENABLE_DEBUG_INFO = NO;
				SDKROOT = macosx;
			};
			name = Release;
		};
		5F1A845C1FE0B3B3007A8482 /* Debug */ = {
			isa = XCBuildConfiguration;
			buildSettings = {
				CODE_SIGN_STYLE = Automatic;
				PRODUCT_NAME = "$(TARGET_NAME)";
			};
			name = Debug;
		};
		5F1A845D1FE0B3B3007A8482 /* Release */ = {
			isa = XCBuildConfiguration;
			buildSettings = {
				CODE_SIGN_STYLE = Automatic;
				PRODUCT_NAME = "$(TARGET_NAME)";
			};
			name = Release;
		};
		5F1A846A1FE0B7E2007A8482 /* Debug */ = {
			isa = XCBuildConfiguration;
			buildSettings = {
				CODE_SIGN_STYLE = Automatic;
				PRODUCT_NAME = "$(TARGET_NAME)";
			};
			name = Debug;
		};
		5F1A846B1FE0B7E2007A8482 /* Release */ = {
			isa = XCBuildConfiguration;
			buildSettings = {
				CODE_SIGN_STYLE = Automatic;
				PRODUCT_NAME = "$(TARGET_NAME)";
			};
			name = Release;
		};
/* End XCBuildConfiguration section */

/* Begin XCConfigurationList section */
		5F1A844F1FE0B3B3007A8482 /* Build configuration list for PBXProject "sha512-256-impl" */ = {
			isa = XCConfigurationList;
			buildConfigurations = (
				5F1A84591FE0B3B3007A8482 /* Debug */,
				5F1A845A1FE0B3B3007A8482 /* Release */,
			);
			defaultConfigurationIsVisible = 0;
			defaultConfigurationName = Release;
		};
		5F1A845B1FE0B3B3007A8482 /* Build configuration list for PBXNativeTarget "sha512-256-impl" */ = {
			isa = XCConfigurationList;
			buildConfigurations = (
				5F1A845C1FE0B3B3007A8482 /* Debug */,
				5F1A845D1FE0B3B3007A8482 /* Release */,
			);
			defaultConfigurationIsVisible = 0;
			defaultConfigurationName = Release;
		};
		5F1A84691FE0B7E2007A8482 /* Build configuration list for PBXNativeTarget "sha512-256-impl test" */ = {
			isa = XCConfigurationList;
			buildConfigurations = (
				5F1A846A1FE0B7E2007A8482 /* Debug */,
				5F1A846B1FE0B7E2007A8482 /* Release */,
			);
			defaultConfigurationIsVisible = 0;
			defaultConfigurationName = Release;
		};
/* End XCConfigurationList section */
	};
	rootObject = 5F1A844C1FE0B3B3007A8482 /* Project object */;
}
